
Microsoft Visual Studio Solution File, Format Version 12.00
# Visual Studio 14
VisualStudioVersion = 14.0.25123.0
MinimumVisualStudioVersion = 10.0.40219.1
Project("{D954291E-2A0B-460D-934E-DC6B0785DB48}") = "DynamicProxy", "DynamicProxy\DynamicProxy.shproj", "{E2935D08-AFFD-4027-A7B4-5CF04C117363}"
EndProject
Project("{FAE04EC0-301F-11D3-BF4B-00C04F79EFBC}") = "DynamicProxy.Fody", "DynamicProxy.Fody\DynamicProxy.Fody.csproj", "{1566BB84-F5DB-405A-AAD2-DEF0A9543A60}"
EndProject
Project("{FAE04EC0-301F-11D3-BF4B-00C04F79EFBC}") = "DynamicProxy.Net45", "DynamicProxy.Net45\DynamicProxy.Net45.csproj", "{B1B59F56-BC70-42D6-A7B4-9A631912979F}"
EndProject
Project("{D954291E-2A0B-460D-934E-DC6B0785DB48}") = "DynamicProxy.Emit", "DynamicProxy.Emit\DynamicProxy.Emit.shproj", "{F474DEBD-348E-4C78-B54F-273EF5600D41}"
EndProject
Project("{FAE04EC0-301F-11D3-BF4B-00C04F79EFBC}") = "DynamicProxy.Emit.Tests", "DynamicProxy.Emit.Tests\DynamicProxy.Emit.Tests.csproj", "{C9C15DEA-DA20-499F-B8C8-2C1AA9BDD7E8}"
EndProject
Project("{FAE04EC0-301F-11D3-BF4B-00C04F79EFBC}") = "DynamicProxy.Fody.Tests", "DynamicProxy.Fody.Tests\DynamicProxy.Fody.Tests.csproj", "{92B910F1-66B2-4754-A0AE-67F5794775DA}"
	ProjectSection(ProjectDependencies) = postProject
		{1566BB84-F5DB-405A-AAD2-DEF0A9543A60} = {1566BB84-F5DB-405A-AAD2-DEF0A9543A60}
	EndProjectSection
EndProject
Project("{FAE04EC0-301F-11D3-BF4B-00C04F79EFBC}") = "DynamicProxy.Tests.ExternalLibrary", "DynamicProxy.Tests.ExternalLibrary\DynamicProxy.Tests.ExternalLibrary.csproj", "{1CABBB15-9965-4E2D-A6F2-5B1D639EAF01}"
EndProject
Project("{D954291E-2A0B-460D-934E-DC6B0785DB48}") = "DynamicProxy.CecilEmit", "DynamicProxy.CecilEmit\DynamicProxy.CecilEmit.shproj", "{F30D843D-1A0B-4665-84AD-39297901EF68}"
EndProject
Project("{D954291E-2A0B-460D-934E-DC6B0785DB48}") = "DynamicProxy.Shared", "DynamicProxy.Shared\DynamicProxy.Shared.shproj", "{18D832C2-1262-475C-88C8-70E8A006AA02}"
EndProject
Global
	GlobalSection(SharedMSBuildProjectFiles) = preSolution
		DynamicProxy.Emit\DynamicProxy.Emit.projitems*{b1b59f56-bc70-42d6-a7b4-9a631912979f}*SharedItemsImports = 4
		DynamicProxy\DynamicProxy.projitems*{b1b59f56-bc70-42d6-a7b4-9a631912979f}*SharedItemsImports = 4
		DynamicProxy.Shared\DynamicProxy.Shared.projitems*{b1b59f56-bc70-42d6-a7b4-9a631912979f}*SharedItemsImports = 4
		DynamicProxy.CecilEmit\DynamicProxy.CecilEmit.projitems*{b1b59f56-bc70-42d6-a7b4-9a631912979f}*SharedItemsImports = 4
		DynamicProxy.CecilEmit\DynamicProxy.CecilEmit.projitems*{f30d843d-1a0b-4665-84ad-39297901ef68}*SharedItemsImports = 13
		DynamicProxy.Emit\DynamicProxy.Emit.projitems*{f474debd-348e-4c78-b54f-273ef5600d41}*SharedItemsImports = 13
		DynamicProxy\DynamicProxy.projitems*{e2935d08-affd-4027-a7b4-5cf04c117363}*SharedItemsImports = 13
		DynamicProxy.Emit\DynamicProxy.Emit.projitems*{1566bb84-f5db-405a-aad2-def0a9543a60}*SharedItemsImports = 4
		DynamicProxy\DynamicProxy.projitems*{1566bb84-f5db-405a-aad2-def0a9543a60}*SharedItemsImports = 4
		DynamicProxy.Shared\DynamicProxy.Shared.projitems*{1566bb84-f5db-405a-aad2-def0a9543a60}*SharedItemsImports = 4
		DynamicProxy.CecilEmit\DynamicProxy.CecilEmit.projitems*{1566bb84-f5db-405a-aad2-def0a9543a60}*SharedItemsImports = 4
		DynamicProxy.Shared\DynamicProxy.Shared.projitems*{18d832c2-1262-475c-88c8-70e8a006aa02}*SharedItemsImports = 13
	EndGlobalSection
	GlobalSection(SolutionConfigurationPlatforms) = preSolution
		Debug|Any CPU = Debug|Any CPU
		Release|Any CPU = Release|Any CPU
	EndGlobalSection
	GlobalSection(ProjectConfigurationPlatforms) = postSolution
		{1566BB84-F5DB-405A-AAD2-DEF0A9543A60}.Debug|Any CPU.ActiveCfg = Debug|Any CPU
		{1566BB84-F5DB-405A-AAD2-DEF0A9543A60}.Debug|Any CPU.Build.0 = Debug|Any CPU
		{1566BB84-F5DB-405A-AAD2-DEF0A9543A60}.Release|Any CPU.ActiveCfg = Release|Any CPU
		{1566BB84-F5DB-405A-AAD2-DEF0A9543A60}.Release|Any CPU.Build.0 = Release|Any CPU
		{B1B59F56-BC70-42D6-A7B4-9A631912979F}.Debug|Any CPU.ActiveCfg = Debug|Any CPU
		{B1B59F56-BC70-42D6-A7B4-9A631912979F}.Debug|Any CPU.Build.0 = Debug|Any CPU
		{B1B59F56-BC70-42D6-A7B4-9A631912979F}.Release|Any CPU.ActiveCfg = Release|Any CPU
		{B1B59F56-BC70-42D6-A7B4-9A631912979F}.Release|Any CPU.Build.0 = Release|Any CPU
		{C9C15DEA-DA20-499F-B8C8-2C1AA9BDD7E8}.Debug|Any CPU.ActiveCfg = Debug|Any CPU
		{C9C15DEA-DA20-499F-B8C8-2C1AA9BDD7E8}.Debug|Any CPU.Build.0 = Debug|Any CPU
		{C9C15DEA-DA20-499F-B8C8-2C1AA9BDD7E8}.Release|Any CPU.ActiveCfg = Release|Any CPU
		{C9C15DEA-DA20-499F-B8C8-2C1AA9BDD7E8}.Release|Any CPU.Build.0 = Release|Any CPU
		{92B910F1-66B2-4754-A0AE-67F5794775DA}.Debug|Any CPU.ActiveCfg = Debug|Any CPU
		{92B910F1-66B2-4754-A0AE-67F5794775DA}.Debug|Any CPU.Build.0 = Debug|Any CPU
		{92B910F1-66B2-4754-A0AE-67F5794775DA}.Release|Any CPU.ActiveCfg = Release|Any CPU
		{92B910F1-66B2-4754-A0AE-67F5794775DA}.Release|Any CPU.Build.0 = Release|Any CPU
		{1CABBB15-9965-4E2D-A6F2-5B1D639EAF01}.Debug|Any CPU.ActiveCfg = Debug|Any CPU
		{1CABBB15-9965-4E2D-A6F2-5B1D639EAF01}.Debug|Any CPU.Build.0 = Debug|Any CPU
		{1CABBB15-9965-4E2D-A6F2-5B1D639EAF01}.Release|Any CPU.ActiveCfg = Release|Any CPU
		{1CABBB15-9965-4E2D-A6F2-5B1D639EAF01}.Release|Any CPU.Build.0 = Release|Any CPU
	EndGlobalSection
	GlobalSection(SolutionProperties) = preSolution
		HideSolutionNode = FALSE
	EndGlobalSection
EndGlobal
